
Microsoft Visual Studio Solution File, Format Version 12.00
# Visual Studio Version 17
VisualStudioVersion = 17.2.32616.157
MinimumVisualStudioVersion = 10.0.40219.1
Project("{FAE04EC0-301F-11D3-BF4B-00C04F79EFBC}") = "vector-list", "vector-list.csproj", "{A785CC43-541B-4548-9A20-ED918430BD1C}"
EndProject
Project("{FAE04EC0-301F-11D3-BF4B-00C04F79EFBC}") = "vector-list_test", "..\vector-list_test\vector-list_test.csproj", "{100E9F26-82C9-4647-9B91-5CDDE1596184}"
EndProject
Global
	GlobalSection(SolutionConfigurationPlatforms) = preSolution
		Debug|Any CPU = Debug|Any CPU
		Release|Any CPU = Release|Any CPU
	EndGlobalSection
	GlobalSection(ProjectConfigurationPlatforms) = postSolution
		{A785CC43-541B-4548-9A20-ED918430BD1C}.Debug|Any CPU.ActiveCfg = Debug|Any CPU
		{A785CC43-541B-4548-9A20-ED918430BD1C}.Debug|Any CPU.Build.0 = Debug|Any CPU
		{A785CC43-541B-4548-9A20-ED918430BD1C}.Release|Any CPU.ActiveCfg = Release|Any CPU
		{A785CC43-541B-4548-9A20-ED918430BD1C}.Release|Any CPU.Build.0 = Release|Any CPU
		{100E9F26-82C9-4647-9B91-5CDDE1596184}.Debug|Any CPU.ActiveCfg = Debug|Any CPU
		{100E9F26-82C9-4647-9B91-5CDDE1596184}.Debug|Any CPU.Build.0 = Debug|Any CPU
		{100E9F26-82C9-4647-9B91-5CDDE1596184}.Release|Any CPU.ActiveCfg = Release|Any CPU
		{100E9F26-82C9-4647-9B91-5CDDE1596184}.Release|Any CPU.Build.0 = Release|Any CPU
	EndGlobalSection
	GlobalSection(SolutionProperties) = preSolution
		HideSolutionNode = FALSE
	EndGlobalSection
	GlobalSection(ExtensibilityGlobals) = postSolution
		SolutionGuid = {FAAE1074-9619-45B6-9916-A921333ECA2E}
	EndGlobalSection
EndGlobal
