
Microsoft Visual Studio Solution File, Format Version 12.00
# Visual Studio Version 17
VisualStudioVersion = 17.2.32616.157
MinimumVisualStudioVersion = 10.0.40219.1
Project("{9A19103F-16F7-4668-BE54-9A1E7A4F7556}") = "car_test", "car_test.csproj", "{1D580295-2871-4ECB-B4F3-BE2B443899EB}"
EndProject
Global
	GlobalSection(SolutionConfigurationPlatforms) = preSolution
		Debug|Any CPU = Debug|Any CPU
		Release|Any CPU = Release|Any CPU
	EndGlobalSection
	GlobalSection(ProjectConfigurationPlatforms) = postSolution
		{1D580295-2871-4ECB-B4F3-BE2B443899EB}.Debug|Any CPU.ActiveCfg = Debug|Any CPU
		{1D580295-2871-4ECB-B4F3-BE2B443899EB}.Debug|Any CPU.Build.0 = Debug|Any CPU
		{1D580295-2871-4ECB-B4F3-BE2B443899EB}.Release|Any CPU.ActiveCfg = Release|Any CPU
		{1D580295-2871-4ECB-B4F3-BE2B443899EB}.Release|Any CPU.Build.0 = Release|Any CPU
	EndGlobalSection
	GlobalSection(SolutionProperties) = preSolution
		HideSolutionNode = FALSE
	EndGlobalSection
	GlobalSection(ExtensibilityGlobals) = postSolution
		SolutionGuid = {C06E1FB3-353C-4896-8DEA-C9A8996B0591}
	EndGlobalSection
EndGlobal
