
Microsoft Visual Studio Solution File, Format Version 12.00
# Visual Studio Version 17
VisualStudioVersion = 17.2.32616.157
MinimumVisualStudioVersion = 10.0.40219.1
Project("{FAE04EC0-301F-11D3-BF4B-00C04F79EFBC}") = "findtext", "findtext.csproj", "{BE38C092-A2D4-4220-9481-4B94C9863967}"
EndProject
Project("{FAE04EC0-301F-11D3-BF4B-00C04F79EFBC}") = "findtext_test", "..\findtext_test\findtext_test.csproj", "{9B9DEDF7-468E-42DB-A2E8-3947B862483E}"
EndProject
Global
	GlobalSection(SolutionConfigurationPlatforms) = preSolution
		Debug|Any CPU = Debug|Any CPU
		Release|Any CPU = Release|Any CPU
	EndGlobalSection
	GlobalSection(ProjectConfigurationPlatforms) = postSolution
		{BE38C092-A2D4-4220-9481-4B94C9863967}.Debug|Any CPU.ActiveCfg = Debug|Any CPU
		{BE38C092-A2D4-4220-9481-4B94C9863967}.Debug|Any CPU.Build.0 = Debug|Any CPU
		{BE38C092-A2D4-4220-9481-4B94C9863967}.Release|Any CPU.ActiveCfg = Release|Any CPU
		{BE38C092-A2D4-4220-9481-4B94C9863967}.Release|Any CPU.Build.0 = Release|Any CPU
		{9B9DEDF7-468E-42DB-A2E8-3947B862483E}.Debug|Any CPU.ActiveCfg = Debug|Any CPU
		{9B9DEDF7-468E-42DB-A2E8-3947B862483E}.Debug|Any CPU.Build.0 = Debug|Any CPU
		{9B9DEDF7-468E-42DB-A2E8-3947B862483E}.Release|Any CPU.ActiveCfg = Release|Any CPU
		{9B9DEDF7-468E-42DB-A2E8-3947B862483E}.Release|Any CPU.Build.0 = Release|Any CPU
	EndGlobalSection
	GlobalSection(SolutionProperties) = preSolution
		HideSolutionNode = FALSE
	EndGlobalSection
	GlobalSection(ExtensibilityGlobals) = postSolution
		SolutionGuid = {1E563027-A7AF-4673-BE58-2A7ADCF32167}
	EndGlobalSection
EndGlobal
