
Microsoft Visual Studio Solution File, Format Version 12.00
# Visual Studio Version 17
VisualStudioVersion = 17.2.32616.157
MinimumVisualStudioVersion = 10.0.40219.1
Project("{FAE04EC0-301F-11D3-BF4B-00C04F79EFBC}") = "time", "time.csproj", "{62CEBA7A-17C8-4BDB-9E39-D821C1ABC591}"
EndProject
Project("{FAE04EC0-301F-11D3-BF4B-00C04F79EFBC}") = "time_test", "..\time_test\time_test.csproj", "{2686C8EB-2CDC-4FF3-84BF-5D8BBD115EF1}"
EndProject
Global
	GlobalSection(SolutionConfigurationPlatforms) = preSolution
		Debug|Any CPU = Debug|Any CPU
		Release|Any CPU = Release|Any CPU
	EndGlobalSection
	GlobalSection(ProjectConfigurationPlatforms) = postSolution
		{62CEBA7A-17C8-4BDB-9E39-D821C1ABC591}.Debug|Any CPU.ActiveCfg = Debug|Any CPU
		{62CEBA7A-17C8-4BDB-9E39-D821C1ABC591}.Debug|Any CPU.Build.0 = Debug|Any CPU
		{62CEBA7A-17C8-4BDB-9E39-D821C1ABC591}.Release|Any CPU.ActiveCfg = Release|Any CPU
		{62CEBA7A-17C8-4BDB-9E39-D821C1ABC591}.Release|Any CPU.Build.0 = Release|Any CPU
		{2686C8EB-2CDC-4FF3-84BF-5D8BBD115EF1}.Debug|Any CPU.ActiveCfg = Debug|Any CPU
		{2686C8EB-2CDC-4FF3-84BF-5D8BBD115EF1}.Debug|Any CPU.Build.0 = Debug|Any CPU
		{2686C8EB-2CDC-4FF3-84BF-5D8BBD115EF1}.Release|Any CPU.ActiveCfg = Release|Any CPU
		{2686C8EB-2CDC-4FF3-84BF-5D8BBD115EF1}.Release|Any CPU.Build.0 = Release|Any CPU
	EndGlobalSection
	GlobalSection(SolutionProperties) = preSolution
		HideSolutionNode = FALSE
	EndGlobalSection
	GlobalSection(ExtensibilityGlobals) = postSolution
		SolutionGuid = {76110938-52D0-4EA5-87C4-6CBD7D0D7A8C}
	EndGlobalSection
EndGlobal
